PODS:
  - Hooks (0.0.3)
  - ReactiveForm (0.2.0)
  - RecoilSwift (0.2.0):
    - Hooks (~> 0.0.3)
  - RecoilSwift/Tests (0.2.0):
    - Hooks (~> 0.0.3)

DEPENDENCIES:
  - ReactiveForm
  - RecoilSwift (from `../`)
  - RecoilSwift/Tests (from `../`)

SPEC REPOS:
  trunk:
    - Hooks
    - ReactiveForm

EXTERNAL SOURCES:
  RecoilSwift:
    :path: "../"

SPEC CHECKSUMS:
  Hooks: 0172b132ec72da000f86ddfb3d3e55977b29d54c
  ReactiveForm: cabc8eebd3c6de2943d603b8941ca0a95df2eea4
  RecoilSwift: 86b6914f9bce0e1b8f8cf6eb5017e2c7adaa1397

PODFILE CHECKSUM: 1024c4693d7052a1690f1ac2bef1172d9c1751e3

COCOAPODS: 1.11.2
