PODS:
  - ReactiveForm (0.2.0)
  - RecoilSwift (0.2.0)
  - RecoilSwift/Tests (0.2.0)

DEPENDENCIES:
  - ReactiveForm
  - RecoilSwift (from `../`)
  - RecoilSwift/Tests (from `../`)

SPEC REPOS:
  trunk:
    - ReactiveForm

EXTERNAL SOURCES:
  RecoilSwift:
    :path: "../"

SPEC CHECKSUMS:
  ReactiveForm: cabc8eebd3c6de2943d603b8941ca0a95df2eea4
  RecoilSwift: be6249050bcd1deb27a351bd86ec41fbbe0b2da1

PODFILE CHECKSUM: 1024c4693d7052a1690f1ac2bef1172d9c1751e3

COCOAPODS: 1.11.2
