{
  "object": {
    "pins": [
      {
        "package": "Hooks",
        "repositoryURL": "https://github.com/hollyoops/SwiftUI-Hooks",
        "state": {
          "branch": null,
          "revision": "9fb4367ad9655d14746a993207daf8cfc05c6428",
          "version": "0.0.3"
        }
      }
    ]
  },
  "version": 1
}
