{
  "object": {
    "pins": [
      {
        "package": "swiftui-hooks",
        "repositoryURL": "https://github.com/hollyoops/SwiftUI-Hooks",
        "state": {
          "branch": null,
          "revision": "052c358884b31e46e3a1268de5d00fddb2beaf45",
          "version": "0.0.4"
        }
      }
    ]
  },
  "version": 1
}
