// !$*UTF8*$!
{
	archiveVersion = 1;
	classes = {
	};
	objectVersion = 52;
	objects = {

/* Begin PBXBuildFile section */
		EE023C7826AD98A3002EBF0C /* AppDelegate.swift in Sources */ = {isa = PBXBuildFile; fileRef = EE023C7726AD98A3002EBF0C /* AppDelegate.swift */; };
		EE023C7A26AD98A3002EBF0C /* SceneDelegate.swift in Sources */ = {isa = PBXBuildFile; fileRef = EE023C7926AD98A3002EBF0C /* SceneDelegate.swift */; };
		EE023C7C26AD98A3002EBF0C /* ContentView.swift in Sources */ = {isa = PBXBuildFile; fileRef = EE023C7B26AD98A3002EBF0C /* ContentView.swift */; };
		EE023C7E26AD98A6002EBF0C /* Assets.xcassets in Resources */ = {isa = PBXBuildFile; fileRef = EE023C7D26AD98A6002EBF0C /* Assets.xcassets */; };
		EE023C8126AD98A6002EBF0C /* Preview Assets.xcassets in Resources */ = {isa = PBXBuildFile; fileRef = EE023C8026AD98A6002EBF0C /* Preview Assets.xcassets */; };
		EE023C8426AD98A6002EBF0C /* LaunchScreen.storyboard in Resources */ = {isa = PBXBuildFile; fileRef = EE023C8226AD98A6002EBF0C /* LaunchScreen.storyboard */; };
		EE023C9026AD98CD002EBF0C /* Quarter.swift in Sources */ = {isa = PBXBuildFile; fileRef = EE023C8C26AD98CD002EBF0C /* Quarter.swift */; };
		EE023C9126AD98CD002EBF0C /* Book.swift in Sources */ = {isa = PBXBuildFile; fileRef = EE023C8D26AD98CD002EBF0C /* Book.swift */; };
		EE023C9226AD98CD002EBF0C /* Mocks.swift in Sources */ = {isa = PBXBuildFile; fileRef = EE023C8E26AD98CD002EBF0C /* Mocks.swift */; };
		EE023C9326AD98CD002EBF0C /* BookShopGlobal.swift in Sources */ = {isa = PBXBuildFile; fileRef = EE023C8F26AD98CD002EBF0C /* BookShopGlobal.swift */; };
		EEE8912D26AD9B100017FED7 /* RecoilSwift in Frameworks */ = {isa = PBXBuildFile; productRef = EEE8912C26AD9B100017FED7 /* RecoilSwift */; };
/* End PBXBuildFile section */

/* Begin PBXFileReference section */
		EE023C7426AD98A3002EBF0C /* RecoilSwiftExample.app */ = {isa = PBXFileReference; explicitFileType = wrapper.application; includeInIndex = 0; path = RecoilSwiftExample.app; sourceTree = BUILT_PRODUCTS_DIR; };
		EE023C7726AD98A3002EBF0C /* AppDelegate.swift */ = {isa = PBXFileReference; lastKnownFileType = sourcecode.swift; path = AppDelegate.swift; sourceTree = "<group>"; };
		EE023C7926AD98A3002EBF0C /* SceneDelegate.swift */ = {isa = PBXFileReference; lastKnownFileType = sourcecode.swift; path = SceneDelegate.swift; sourceTree = "<group>"; };
		EE023C7B26AD98A3002EBF0C /* ContentView.swift */ = {isa = PBXFileReference; lastKnownFileType = sourcecode.swift; path = ContentView.swift; sourceTree = "<group>"; };
		EE023C7D26AD98A6002EBF0C /* Assets.xcassets */ = {isa = PBXFileReference; lastKnownFileType = folder.assetcatalog; path = Assets.xcassets; sourceTree = "<group>"; };
		EE023C8026AD98A6002EBF0C /* Preview Assets.xcassets */ = {isa = PBXFileReference; lastKnownFileType = folder.assetcatalog; path = "Preview Assets.xcassets"; sourceTree = "<group>"; };
		EE023C8326AD98A6002EBF0C /* Base */ = {isa = PBXFileReference; lastKnownFileType = file.storyboard; name = Base; path = Base.lproj/LaunchScreen.storyboard; sourceTree = "<group>"; };
		EE023C8526AD98A6002EBF0C /* Info.plist */ = {isa = PBXFileReference; lastKnownFileType = text.plist.xml; path = Info.plist; sourceTree = "<group>"; };
		EE023C8C26AD98CD002EBF0C /* Quarter.swift */ = {isa = PBXFileReference; fileEncoding = 4; lastKnownFileType = sourcecode.swift; path = Quarter.swift; sourceTree = "<group>"; };
		EE023C8D26AD98CD002EBF0C /* Book.swift */ = {isa = PBXFileReference; fileEncoding = 4; lastKnownFileType = sourcecode.swift; path = Book.swift; sourceTree = "<group>"; };
		EE023C8E26AD98CD002EBF0C /* Mocks.swift */ = {isa = PBXFileReference; fileEncoding = 4; lastKnownFileType = sourcecode.swift; path = Mocks.swift; sourceTree = "<group>"; };
		EE023C8F26AD98CD002EBF0C /* BookShopGlobal.swift */ = {isa = PBXFileReference; fileEncoding = 4; lastKnownFileType = sourcecode.swift; path = BookShopGlobal.swift; sourceTree = "<group>"; };
		EEE8912B26AD9AFC0017FED7 /* RecoilSwift */ = {isa = PBXFileReference; lastKnownFileType = folder; name = RecoilSwift; path = ..; sourceTree = "<group>"; };
/* End PBXFileReference section */

/* Begin PBXFrameworksBuildPhase section */
		EE023C7126AD98A3002EBF0C /* Frameworks */ = {
			isa = PBXFrameworksBuildPhase;
			buildActionMask = 2147483647;
			files = (
				EEE8912D26AD9B100017FED7 /* RecoilSwift in Frameworks */,
			);
			runOnlyForDeploymentPostprocessing = 0;
		};
/* End PBXFrameworksBuildPhase section */

/* Begin PBXGroup section */
		EE023C6B26AD98A3002EBF0C = {
			isa = PBXGroup;
			children = (
				EE023C7626AD98A3002EBF0C /* RecoilSwiftExample */,
				EED6FD5826AD996E0076F145 /* Packages */,
				EE023C7526AD98A3002EBF0C /* Products */,
				EED6FD5A26AD99C80076F145 /* Frameworks */,
			);
			sourceTree = "<group>";
		};
		EE023C7526AD98A3002EBF0C /* Products */ = {
			isa = PBXGroup;
			children = (
				EE023C7426AD98A3002EBF0C /* RecoilSwiftExample.app */,
			);
			name = Products;
			sourceTree = "<group>";
		};
		EE023C7626AD98A3002EBF0C /* RecoilSwiftExample */ = {
			isa = PBXGroup;
			children = (
				EE023C7726AD98A3002EBF0C /* AppDelegate.swift */,
				EE023C8F26AD98CD002EBF0C /* BookShopGlobal.swift */,
				EE023C7B26AD98A3002EBF0C /* ContentView.swift */,
				EE023C7926AD98A3002EBF0C /* SceneDelegate.swift */,
				EE023C8B26AD98CD002EBF0C /* Models */,
				EE023C7D26AD98A6002EBF0C /* Assets.xcassets */,
				EE023C8226AD98A6002EBF0C /* LaunchScreen.storyboard */,
				EE023C8526AD98A6002EBF0C /* Info.plist */,
				EE023C7F26AD98A6002EBF0C /* Preview Content */,
			);
			path = RecoilSwiftExample;
			sourceTree = "<group>";
		};
		EE023C7F26AD98A6002EBF0C /* Preview Content */ = {
			isa = PBXGroup;
			children = (
				EE023C8026AD98A6002EBF0C /* Preview Assets.xcassets */,
			);
			path = "Preview Content";
			sourceTree = "<group>";
		};
		EE023C8B26AD98CD002EBF0C /* Models */ = {
			isa = PBXGroup;
			children = (
				EE023C8C26AD98CD002EBF0C /* Quarter.swift */,
				EE023C8D26AD98CD002EBF0C /* Book.swift */,
				EE023C8E26AD98CD002EBF0C /* Mocks.swift */,
			);
			path = Models;
			sourceTree = "<group>";
		};
		EED6FD5826AD996E0076F145 /* Packages */ = {
			isa = PBXGroup;
			children = (
				EEE8912B26AD9AFC0017FED7 /* RecoilSwift */,
			);
			name = Packages;
			sourceTree = "<group>";
		};
		EED6FD5A26AD99C80076F145 /* Frameworks */ = {
			isa = PBXGroup;
			children = (
			);
			name = Frameworks;
			sourceTree = "<group>";
		};
/* End PBXGroup section */

/* Begin PBXNativeTarget section */
		EE023C7326AD98A3002EBF0C /* RecoilSwiftExample */ = {
			isa = PBXNativeTarget;
			buildConfigurationList = EE023C8826AD98A6002EBF0C /* Build configuration list for PBXNativeTarget "RecoilSwiftExample" */;
			buildPhases = (
				EE023C7026AD98A3002EBF0C /* Sources */,
				EE023C7126AD98A3002EBF0C /* Frameworks */,
				EE023C7226AD98A3002EBF0C /* Resources */,
			);
			buildRules = (
			);
			dependencies = (
			);
			name = RecoilSwiftExample;
			packageProductDependencies = (
				EEE8912C26AD9B100017FED7 /* RecoilSwift */,
			);
			productName = RecoilSwiftExample;
			productReference = EE023C7426AD98A3002EBF0C /* RecoilSwiftExample.app */;
			productType = "com.apple.product-type.application";
		};
/* End PBXNativeTarget section */

/* Begin PBXProject section */
		EE023C6C26AD98A3002EBF0C /* Project object */ = {
			isa = PBXProject;
			attributes = {
				LastSwiftUpdateCheck = 1250;
				LastUpgradeCheck = 1250;
				TargetAttributes = {
					EE023C7326AD98A3002EBF0C = {
						CreatedOnToolsVersion = 12.5.1;
					};
				};
			};
			buildConfigurationList = EE023C6F26AD98A3002EBF0C /* Build configuration list for PBXProject "RecoilSwiftExample" */;
			compatibilityVersion = "Xcode 9.3";
			developmentRegion = en;
			hasScannedForEncodings = 0;
			knownRegions = (
				en,
				Base,
			);
			mainGroup = EE023C6B26AD98A3002EBF0C;
			productRefGroup = EE023C7526AD98A3002EBF0C /* Products */;
			projectDirPath = "";
			projectRoot = "";
			targets = (
				EE023C7326AD98A3002EBF0C /* RecoilSwiftExample */,
			);
		};
/* End PBXProject section */

/* Begin PBXResourcesBuildPhase section */
		EE023C7226AD98A3002EBF0C /* Resources */ = {
			isa = PBXResourcesBuildPhase;
			buildActionMask = 2147483647;
			files = (
				EE023C8426AD98A6002EBF0C /* LaunchScreen.storyboard in Resources */,
				EE023C8126AD98A6002EBF0C /* Preview Assets.xcassets in Resources */,
				EE023C7E26AD98A6002EBF0C /* Assets.xcassets in Resources */,
			);
			runOnlyForDeploymentPostprocessing = 0;
		};
/* End PBXResourcesBuildPhase section */

/* Begin PBXSourcesBuildPhase section */
		EE023C7026AD98A3002EBF0C /* Sources */ = {
			isa = PBXSourcesBuildPhase;
			buildActionMask = 2147483647;
			files = (
				EE023C9026AD98CD002EBF0C /* Quarter.swift in Sources */,
				EE023C7826AD98A3002EBF0C /* AppDelegate.swift in Sources */,
				EE023C7A26AD98A3002EBF0C /* SceneDelegate.swift in Sources */,
				EE023C9126AD98CD002EBF0C /* Book.swift in Sources */,
				EE023C7C26AD98A3002EBF0C /* ContentView.swift in Sources */,
				EE023C9326AD98CD002EBF0C /* BookShopGlobal.swift in Sources */,
				EE023C9226AD98CD002EBF0C /* Mocks.swift in Sources */,
			);
			runOnlyForDeploymentPostprocessing = 0;
		};
/* End PBXSourcesBuildPhase section */

/* Begin PBXVariantGroup section */
		EE023C8226AD98A6002EBF0C /* LaunchScreen.storyboard */ = {
			isa = PBXVariantGroup;
			children = (
				EE023C8326AD98A6002EBF0C /* Base */,
			);
			name = LaunchScreen.storyboard;
			sourceTree = "<group>";
		};
/* End PBXVariantGroup section */

/* Begin XCBuildConfiguration section */
		EE023C8626AD98A6002EBF0C /* Debug */ = {
			isa = XCBuildConfiguration;
			buildSettings = {
				ALWAYS_SEARCH_USER_PATHS = NO;
				CLANG_ANALYZER_NONNULL = YES;
				CLANG_ANALYZER_NUMBER_OBJECT_CONVERSION = YES_AGGRESSIVE;
				CLANG_CXX_LANGUAGE_STANDARD = "gnu++14";
				CLANG_CXX_LIBRARY = "libc++";
				CLANG_ENABLE_MODULES = YES;
				CLANG_ENABLE_OBJC_ARC = YES;
				CLANG_ENABLE_OBJC_WEAK = YES;
				CLANG_WARN_BLOCK_CAPTURE_AUTORELEASING = YES;
				CLANG_WARN_BOOL_CONVERSION = YES;
				CLANG_WARN_COMMA = YES;
				CLANG_WARN_CONSTANT_CONVERSION = YES;
				CLANG_WARN_DEPRECATED_OBJC_IMPLEMENTATIONS = YES;
				CLANG_WARN_DIRECT_OBJC_ISA_USAGE = YES_ERROR;
				CLANG_WARN_DOCUMENTATION_COMMENTS = YES;
				CLANG_WARN_EMPTY_BODY = YES;
				CLANG_WARN_ENUM_CONVERSION = YES;
				CLANG_WARN_INFINITE_RECURSION = YES;
				CLANG_WARN_INT_CONVERSION = YES;
				CLANG_WARN_NON_LITERAL_NULL_CONVERSION = YES;
				CLANG_WARN_OBJC_IMPLICIT_RETAIN_SELF = YES;
				CLANG_WARN_OBJC_LITERAL_CONVERSION = YES;
				CLANG_WARN_OBJC_ROOT_CLASS = YES_ERROR;
				CLANG_WARN_QUOTED_INCLUDE_IN_FRAMEWORK_HEADER = YES;
				CLANG_WARN_RANGE_LOOP_ANALYSIS = YES;
				CLANG_WARN_STRICT_PROTOTYPES = YES;
				CLANG_WARN_SUSPICIOUS_MOVE = YES;
				CLANG_WARN_UNGUARDED_AVAILABILITY = YES_AGGRESSIVE;
				CLANG_WARN_UNREACHABLE_CODE = YES;
				CLANG_WARN__DUPLICATE_METHOD_MATCH = YES;
				COPY_PHASE_STRIP = NO;
				DEBUG_INFORMATION_FORMAT = dwarf;
				ENABLE_STRICT_OBJC_MSGSEND = YES;
				ENABLE_TESTABILITY = YES;
				GCC_C_LANGUAGE_STANDARD = gnu11;
				GCC_DYNAMIC_NO_PIC = NO;
				GCC_NO_COMMON_BLOCKS = YES;
				GCC_OPTIMIZATION_LEVEL = 0;
				GCC_PREPROCESSOR_DEFINITIONS = (
					"DEBUG=1",
					"$(inherited)",
				);
				GCC_WARN_64_TO_32_BIT_CONVERSION = YES;
				GCC_WARN_ABOUT_RETURN_TYPE = YES_ERROR;
				GCC_WARN_UNDECLARED_SELECTOR = YES;
				GCC_WARN_UNINITIALIZED_AUTOS = YES_AGGRESSIVE;
				GCC_WARN_UNUSED_FUNCTION = YES;
				GCC_WARN_UNUSED_VARIABLE = YES;
				IPHONEOS_DEPLOYMENT_TARGET = 14.5;
				MTL_ENABLE_DEBUG_INFO = INCLUDE_SOURCE;
				MTL_FAST_MATH = YES;
				ONLY_ACTIVE_ARCH = YES;
				SDKROOT = iphoneos;
				SWIFT_ACTIVE_COMPILATION_CONDITIONS = DEBUG;
				SWIFT_OPTIMIZATION_LEVEL = "-Onone";
			};
			name = Debug;
		};
		EE023C8726AD98A6002EBF0C /* Release */ = {
			isa = XCBuildConfiguration;
			buildSettings = {
				ALWAYS_SEARCH_USER_PATHS = NO;
				CLANG_ANALYZER_NONNULL = YES;
				CLANG_ANALYZER_NUMBER_OBJECT_CONVERSION = YES_AGGRESSIVE;
				CLANG_CXX_LANGUAGE_STANDARD = "gnu++14";
				CLANG_CXX_LIBRARY = "libc++";
				CLANG_ENABLE_MODULES = YES;
				CLANG_ENABLE_OBJC_ARC = YES;
				CLANG_ENABLE_OBJC_WEAK = YES;
				CLANG_WARN_BLOCK_CAPTURE_AUTORELEASING = YES;
				CLANG_WARN_BOOL_CONVERSION = YES;
				CLANG_WARN_COMMA = YES;
				CLANG_WARN_CONSTANT_CONVERSION = YES;
				CLANG_WARN_DEPRECATED_OBJC_IMPLEMENTATIONS = YES;
				CLANG_WARN_DIRECT_OBJC_ISA_USAGE = YES_ERROR;
				CLANG_WARN_DOCUMENTATION_COMMENTS = YES;
				CLANG_WARN_EMPTY_BODY = YES;
				CLANG_WARN_ENUM_CONVERSION = YES;
				CLANG_WARN_INFINITE_RECURSION = YES;
				CLANG_WARN_INT_CONVERSION = YES;
				CLANG_WARN_NON_LITERAL_NULL_CONVERSION = YES;
				CLANG_WARN_OBJC_IMPLICIT_RETAIN_SELF = YES;
				CLANG_WARN_OBJC_LITERAL_CONVERSION = YES;
				CLANG_WARN_OBJC_ROOT_CLASS = YES_ERROR;
				CLANG_WARN_QUOTED_INCLUDE_IN_FRAMEWORK_HEADER = YES;
				CLANG_WARN_RANGE_LOOP_ANALYSIS = YES;
				CLANG_WARN_STRICT_PROTOTYPES = YES;
				CLANG_WARN_SUSPICIOUS_MOVE = YES;
				CLANG_WARN_UNGUARDED_AVAILABILITY = YES_AGGRESSIVE;
				CLANG_WARN_UNREACHABLE_CODE = YES;
				CLANG_WARN__DUPLICATE_METHOD_MATCH = YES;
				COPY_PHASE_STRIP = NO;
				DEBUG_INFORMATION_FORMAT = "dwarf-with-dsym";
				ENABLE_NS_ASSERTIONS = NO;
				ENABLE_STRICT_OBJC_MSGSEND = YES;
				GCC_C_LANGUAGE_STANDARD = gnu11;
				GCC_NO_COMMON_BLOCKS = YES;
				GCC_WARN_64_TO_32_BIT_CONVERSION = YES;
				GCC_WARN_ABOUT_RETURN_TYPE = YES_ERROR;
				GCC_WARN_UNDECLARED_SELECTOR = YES;
				GCC_WARN_UNINITIALIZED_AUTOS = YES_AGGRESSIVE;
				GCC_WARN_UNUSED_FUNCTION = YES;
				GCC_WARN_UNUSED_VARIABLE = YES;
				IPHONEOS_DEPLOYMENT_TARGET = 14.5;
				MTL_ENABLE_DEBUG_INFO = NO;
				MTL_FAST_MATH = YES;
				SDKROOT = iphoneos;
				SWIFT_COMPILATION_MODE = wholemodule;
				SWIFT_OPTIMIZATION_LEVEL = "-O";
				VALIDATE_PRODUCT = YES;
			};
			name = Release;
		};
		EE023C8926AD98A6002EBF0C /* Debug */ = {
			isa = XCBuildConfiguration;
			buildSettings = {
				ASSETCATALOG_COMPILER_APPICON_NAME = AppIcon;
				ASSETCATALOG_COMPILER_GLOBAL_ACCENT_COLOR_NAME = AccentColor;
				CODE_SIGN_STYLE = Automatic;
				DEVELOPMENT_ASSET_PATHS = "\"RecoilSwiftExample/Preview Content\"";
				ENABLE_PREVIEWS = YES;
				INFOPLIST_FILE = RecoilSwiftExample/Info.plist;
				LD_RUNPATH_SEARCH_PATHS = (
					"$(inherited)",
					"@executable_path/Frameworks",
				);
				PRODUCT_BUNDLE_IDENTIFIER = com.recoil.swift.RecoilSwiftExample;
				PRODUCT_NAME = "$(TARGET_NAME)";
				SWIFT_VERSION = 5.0;
				TARGETED_DEVICE_FAMILY = "1,2";
			};
			name = Debug;
		};
		EE023C8A26AD98A6002EBF0C /* Release */ = {
			isa = XCBuildConfiguration;
			buildSettings = {
				ASSETCATALOG_COMPILER_APPICON_NAME = AppIcon;
				ASSETCATALOG_COMPILER_GLOBAL_ACCENT_COLOR_NAME = AccentColor;
				CODE_SIGN_STYLE = Automatic;
				DEVELOPMENT_ASSET_PATHS = "\"RecoilSwiftExample/Preview Content\"";
				ENABLE_PREVIEWS = YES;
				INFOPLIST_FILE = RecoilSwiftExample/Info.plist;
				LD_RUNPATH_SEARCH_PATHS = (
					"$(inherited)",
					"@executable_path/Frameworks",
				);
				PRODUCT_BUNDLE_IDENTIFIER = com.recoil.swift.RecoilSwiftExample;
				PRODUCT_NAME = "$(TARGET_NAME)";
				SWIFT_VERSION = 5.0;
				TARGETED_DEVICE_FAMILY = "1,2";
			};
			name = Release;
		};
/* End XCBuildConfiguration section */

/* Begin XCConfigurationList section */
		EE023C6F26AD98A3002EBF0C /* Build configuration list for PBXProject "RecoilSwiftExample" */ = {
			isa = XCConfigurationList;
			buildConfigurations = (
				EE023C8626AD98A6002EBF0C /* Debug */,
				EE023C8726AD98A6002EBF0C /* Release */,
			);
			defaultConfigurationIsVisible = 0;
			defaultConfigurationName = Release;
		};
		EE023C8826AD98A6002EBF0C /* Build configuration list for PBXNativeTarget "RecoilSwiftExample" */ = {
			isa = XCConfigurationList;
			buildConfigurations = (
				EE023C8926AD98A6002EBF0C /* Debug */,
				EE023C8A26AD98A6002EBF0C /* Release */,
			);
			defaultConfigurationIsVisible = 0;
			defaultConfigurationName = Release;
		};
/* End XCConfigurationList section */

/* Begin XCSwiftPackageProductDependency section */
		EEE8912C26AD9B100017FED7 /* RecoilSwift */ = {
			isa = XCSwiftPackageProductDependency;
			productName = RecoilSwift;
		};
/* End XCSwiftPackageProductDependency section */
	};
	rootObject = EE023C6C26AD98A3002EBF0C /* Project object */;
}
