// !$*UTF8*$!
{
	archiveVersion = 1;
	classes = {
	};
	objectVersion = 52;
	objects = {

/* Begin PBXBuildFile section */
		B770FC6327E06C2C00088B9F /* CartRecoil.swift in Sources */ = {isa = PBXBuildFile; fileRef = B770FC6227E06C2C00088B9F /* CartRecoil.swift */; };
		B770FC6627E06DFF00088B9F /* CartItem.swift in Sources */ = {isa = PBXBuildFile; fileRef = B770FC6527E06DFF00088B9F /* CartItem.swift */; };
		B770FC6827E06F2100088B9F /* CartContent.swift in Sources */ = {isa = PBXBuildFile; fileRef = B770FC6727E06F2100088B9F /* CartContent.swift */; };
		EE023C7826AD98A3002EBF0C /* AppDelegate.swift in Sources */ = {isa = PBXBuildFile; fileRef = EE023C7726AD98A3002EBF0C /* AppDelegate.swift */; };
		EE023C7A26AD98A3002EBF0C /* SceneDelegate.swift in Sources */ = {isa = PBXBuildFile; fileRef = EE023C7926AD98A3002EBF0C /* SceneDelegate.swift */; };
		EE023C7E26AD98A6002EBF0C /* Assets.xcassets in Resources */ = {isa = PBXBuildFile; fileRef = EE023C7D26AD98A6002EBF0C /* Assets.xcassets */; };
		EE023C8126AD98A6002EBF0C /* Preview Assets.xcassets in Resources */ = {isa = PBXBuildFile; fileRef = EE023C8026AD98A6002EBF0C /* Preview Assets.xcassets */; };
		EE023C8426AD98A6002EBF0C /* LaunchScreen.storyboard in Resources */ = {isa = PBXBuildFile; fileRef = EE023C8226AD98A6002EBF0C /* LaunchScreen.storyboard */; };
		EE1D2E252A1A367F005BFA60 /* SnapshotTestView.swift in Sources */ = {isa = PBXBuildFile; fileRef = EE1D2E242A1A367F005BFA60 /* SnapshotTestView.swift */; };
		EE27DB132A0FE1CC00D9F217 /* AppEntryPage.swift in Sources */ = {isa = PBXBuildFile; fileRef = EE27DB122A0FE1CC00D9F217 /* AppEntryPage.swift */; };
		EE321BE729DA5ADB00840FBF /* QuickDemoView.swift in Sources */ = {isa = PBXBuildFile; fileRef = EE321BE629DA5ADB00840FBF /* QuickDemoView.swift */; };
		EE7508E728234F1E001D306B /* ReactiveForm in Frameworks */ = {isa = PBXBuildFile; productRef = EE7508E628234F1E001D306B /* ReactiveForm */; };
		EE7508EB28235020001D306B /* RecoilSwift in Frameworks */ = {isa = PBXBuildFile; productRef = EE7508EA28235020001D306B /* RecoilSwift */; };
		EE92C6992743C38200A003BF /* FilterInfoView.swift in Sources */ = {isa = PBXBuildFile; fileRef = EE92C6982743C38200A003BF /* FilterInfoView.swift */; };
		EE92C69B2743C3C000A003BF /* BooksContent.swift in Sources */ = {isa = PBXBuildFile; fileRef = EE92C69A2743C3C000A003BF /* BooksContent.swift */; };
		EE92C69E2743C59400A003BF /* CartView.swift in Sources */ = {isa = PBXBuildFile; fileRef = EE92C69D2743C59400A003BF /* CartView.swift */; };
		EE99DF7D279B29BF007BD272 /* MoreUsageRecoil.swift in Sources */ = {isa = PBXBuildFile; fileRef = EE99DF7C279B29BF007BD272 /* MoreUsageRecoil.swift */; };
		EE99DF7F279B29E7007BD272 /* MoreUsageService.swift in Sources */ = {isa = PBXBuildFile; fileRef = EE99DF7E279B29E7007BD272 /* MoreUsageService.swift */; };
		EE99DF9227DEC156007BD272 /* AllBooksService.swift in Sources */ = {isa = PBXBuildFile; fileRef = EE99DF8C27DEC156007BD272 /* AllBooksService.swift */; };
		EE99DF9327DEC156007BD272 /* AllBooksRecoil.swift in Sources */ = {isa = PBXBuildFile; fileRef = EE99DF8D27DEC156007BD272 /* AllBooksRecoil.swift */; };
		EE99DF9427DEC156007BD272 /* Quarter.swift in Sources */ = {isa = PBXBuildFile; fileRef = EE99DF8F27DEC156007BD272 /* Quarter.swift */; };
		EE99DF9527DEC156007BD272 /* Book.swift in Sources */ = {isa = PBXBuildFile; fileRef = EE99DF9027DEC156007BD272 /* Book.swift */; };
		EE99DF9627DEC156007BD272 /* Mocks.swift in Sources */ = {isa = PBXBuildFile; fileRef = EE99DF9127DEC156007BD272 /* Mocks.swift */; };
		EE99DF9B27DEC1E2007BD272 /* HomeRecoil.swift in Sources */ = {isa = PBXBuildFile; fileRef = EE99DF9A27DEC1E2007BD272 /* HomeRecoil.swift */; };
		EEBB993B2744D557007D2581 /* AddBookView.swift in Sources */ = {isa = PBXBuildFile; fileRef = EEBB992B2744D557007D2581 /* AddBookView.swift */; };
		EEBB993D2744D557007D2581 /* AllBooksView.swift in Sources */ = {isa = PBXBuildFile; fileRef = EEBB992E2744D557007D2581 /* AllBooksView.swift */; };
		EEBB99412744D557007D2581 /* BookListRecoil.swift in Sources */ = {isa = PBXBuildFile; fileRef = EEBB99342744D557007D2581 /* BookListRecoil.swift */; };
		EEBC589627DB4B7400987CD2 /* MoreUsageView.swift in Sources */ = {isa = PBXBuildFile; fileRef = EEBC589527DB4B7400987CD2 /* MoreUsageView.swift */; };
		EEBC589827DB4B7400987CD2 /* LoadableExampleView.swift in Sources */ = {isa = PBXBuildFile; fileRef = EEBC589727DB4B7400987CD2 /* LoadableExampleView.swift */; };
		EEE1327A2A04F94100D30527 /* RecoilSwiftExampleTests.swift in Sources */ = {isa = PBXBuildFile; fileRef = EEE132792A04F94100D30527 /* RecoilSwiftExampleTests.swift */; };
		EEE132812A0503CA00D30527 /* RecoilSwiftXCTests in Frameworks */ = {isa = PBXBuildFile; productRef = EEE132802A0503CA00D30527 /* RecoilSwiftXCTests */; };
		EEE848AB282ABA1C0021EB32 /* MainTabPage.swift in Sources */ = {isa = PBXBuildFile; fileRef = EEE848AA282ABA1B0021EB32 /* MainTabPage.swift */; };
		EEED4FA12822CEE60072D9AC /* FilterOptionsView.swift in Sources */ = {isa = PBXBuildFile; fileRef = EEED4FA02822CEE60072D9AC /* FilterOptionsView.swift */; };
/* End PBXBuildFile section */

/* Begin PBXContainerItemProxy section */
		EEE1327B2A04F94100D30527 /* PBXContainerItemProxy */ = {
			isa = PBXContainerItemProxy;
			containerPortal = EE023C6C26AD98A3002EBF0C /* Project object */;
			proxyType = 1;
			remoteGlobalIDString = EE023C7326AD98A3002EBF0C;
			remoteInfo = RecoilSwiftExample;
		};
/* End PBXContainerItemProxy section */

/* Begin PBXFileReference section */
		B770FC6227E06C2C00088B9F /* CartRecoil.swift */ = {isa = PBXFileReference; lastKnownFileType = sourcecode.swift; path = CartRecoil.swift; sourceTree = "<group>"; };
		B770FC6527E06DFF00088B9F /* CartItem.swift */ = {isa = PBXFileReference; lastKnownFileType = sourcecode.swift; path = CartItem.swift; sourceTree = "<group>"; };
		B770FC6727E06F2100088B9F /* CartContent.swift */ = {isa = PBXFileReference; fileEncoding = 4; lastKnownFileType = sourcecode.swift; path = CartContent.swift; sourceTree = "<group>"; };
		EE023C7426AD98A3002EBF0C /* RecoilSwiftExample.app */ = {isa = PBXFileReference; explicitFileType = wrapper.application; includeInIndex = 0; path = RecoilSwiftExample.app; sourceTree = BUILT_PRODUCTS_DIR; };
		EE023C7726AD98A3002EBF0C /* AppDelegate.swift */ = {isa = PBXFileReference; lastKnownFileType = sourcecode.swift; path = AppDelegate.swift; sourceTree = "<group>"; };
		EE023C7926AD98A3002EBF0C /* SceneDelegate.swift */ = {isa = PBXFileReference; lastKnownFileType = sourcecode.swift; path = SceneDelegate.swift; sourceTree = "<group>"; };
		EE023C7D26AD98A6002EBF0C /* Assets.xcassets */ = {isa = PBXFileReference; lastKnownFileType = folder.assetcatalog; path = Assets.xcassets; sourceTree = "<group>"; };
		EE023C8026AD98A6002EBF0C /* Preview Assets.xcassets */ = {isa = PBXFileReference; lastKnownFileType = folder.assetcatalog; path = "Preview Assets.xcassets"; sourceTree = "<group>"; };
		EE023C8326AD98A6002EBF0C /* Base */ = {isa = PBXFileReference; lastKnownFileType = file.storyboard; name = Base; path = Base.lproj/LaunchScreen.storyboard; sourceTree = "<group>"; };
		EE023C8526AD98A6002EBF0C /* Info.plist */ = {isa = PBXFileReference; lastKnownFileType = text.plist.xml; path = Info.plist; sourceTree = "<group>"; };
		EE16AA8F29D17EC00014AA7B /* BookListRecoil.swift */ = {isa = PBXFileReference; lastKnownFileType = sourcecode.swift; name = BookListRecoil.swift; path = RecoilSwiftExample/Features/BookList/BookListRecoil.swift; sourceTree = SOURCE_ROOT; };
		EE1D2E242A1A367F005BFA60 /* SnapshotTestView.swift */ = {isa = PBXFileReference; lastKnownFileType = sourcecode.swift; path = SnapshotTestView.swift; sourceTree = "<group>"; };
		EE27DB122A0FE1CC00D9F217 /* AppEntryPage.swift */ = {isa = PBXFileReference; fileEncoding = 4; lastKnownFileType = sourcecode.swift; path = AppEntryPage.swift; sourceTree = "<group>"; };
		EE321BE629DA5ADB00840FBF /* QuickDemoView.swift */ = {isa = PBXFileReference; lastKnownFileType = sourcecode.swift; path = QuickDemoView.swift; sourceTree = "<group>"; };
		EE7508E828234F45001D306B /* RecoilSwift */ = {isa = PBXFileReference; lastKnownFileType = wrapper; name = RecoilSwift; path = ..; sourceTree = "<group>"; };
		EE92C6982743C38200A003BF /* FilterInfoView.swift */ = {isa = PBXFileReference; lastKnownFileType = sourcecode.swift; path = FilterInfoView.swift; sourceTree = "<group>"; };
		EE92C69A2743C3C000A003BF /* BooksContent.swift */ = {isa = PBXFileReference; lastKnownFileType = sourcecode.swift; path = BooksContent.swift; sourceTree = "<group>"; };
		EE92C69D2743C59400A003BF /* CartView.swift */ = {isa = PBXFileReference; fileEncoding = 4; lastKnownFileType = sourcecode.swift; path = CartView.swift; sourceTree = "<group>"; };
		EE99DF7C279B29BF007BD272 /* MoreUsageRecoil.swift */ = {isa = PBXFileReference; lastKnownFileType = sourcecode.swift; path = MoreUsageRecoil.swift; sourceTree = "<group>"; };
		EE99DF7E279B29E7007BD272 /* MoreUsageService.swift */ = {isa = PBXFileReference; lastKnownFileType = sourcecode.swift; path = MoreUsageService.swift; sourceTree = "<group>"; };
		EE99DF8C27DEC156007BD272 /* AllBooksService.swift */ = {isa = PBXFileReference; fileEncoding = 4; lastKnownFileType = sourcecode.swift; path = AllBooksService.swift; sourceTree = "<group>"; };
		EE99DF8D27DEC156007BD272 /* AllBooksRecoil.swift */ = {isa = PBXFileReference; fileEncoding = 4; lastKnownFileType = sourcecode.swift; path = AllBooksRecoil.swift; sourceTree = "<group>"; };
		EE99DF8F27DEC156007BD272 /* Quarter.swift */ = {isa = PBXFileReference; fileEncoding = 4; lastKnownFileType = sourcecode.swift; path = Quarter.swift; sourceTree = "<group>"; };
		EE99DF9027DEC156007BD272 /* Book.swift */ = {isa = PBXFileReference; fileEncoding = 4; lastKnownFileType = sourcecode.swift; path = Book.swift; sourceTree = "<group>"; };
		EE99DF9127DEC156007BD272 /* Mocks.swift */ = {isa = PBXFileReference; fileEncoding = 4; lastKnownFileType = sourcecode.swift; path = Mocks.swift; sourceTree = "<group>"; };
		EE99DF9A27DEC1E2007BD272 /* HomeRecoil.swift */ = {isa = PBXFileReference; lastKnownFileType = sourcecode.swift; path = HomeRecoil.swift; sourceTree = "<group>"; };
		EEBB992B2744D557007D2581 /* AddBookView.swift */ = {isa = PBXFileReference; fileEncoding = 4; lastKnownFileType = sourcecode.swift; path = AddBookView.swift; sourceTree = "<group>"; };
		EEBB992E2744D557007D2581 /* AllBooksView.swift */ = {isa = PBXFileReference; fileEncoding = 4; lastKnownFileType = sourcecode.swift; path = AllBooksView.swift; sourceTree = "<group>"; };
		EEBB99342744D557007D2581 /* BookListRecoil.swift */ = {isa = PBXFileReference; fileEncoding = 4; lastKnownFileType = sourcecode.swift; path = BookListRecoil.swift; sourceTree = "<group>"; };
		EEBC589527DB4B7400987CD2 /* MoreUsageView.swift */ = {isa = PBXFileReference; lastKnownFileType = sourcecode.swift; path = MoreUsageView.swift; sourceTree = "<group>"; };
		EEBC589727DB4B7400987CD2 /* LoadableExampleView.swift */ = {isa = PBXFileReference; lastKnownFileType = sourcecode.swift; path = LoadableExampleView.swift; sourceTree = "<group>"; };
		EEE132772A04F94100D30527 /* RecoilSwiftExampleTests.xctest */ = {isa = PBXFileReference; explicitFileType = wrapper.cfbundle; includeInIndex = 0; path = RecoilSwiftExampleTests.xctest; sourceTree = BUILT_PRODUCTS_DIR; };
		EEE132792A04F94100D30527 /* RecoilSwiftExampleTests.swift */ = {isa = PBXFileReference; lastKnownFileType = sourcecode.swift; path = RecoilSwiftExampleTests.swift; sourceTree = "<group>"; };
		EEE848AA282ABA1B0021EB32 /* MainTabPage.swift */ = {isa = PBXFileReference; lastKnownFileType = sourcecode.swift; path = MainTabPage.swift; sourceTree = "<group>"; };
		EEED4FA02822CEE60072D9AC /* FilterOptionsView.swift */ = {isa = PBXFileReference; lastKnownFileType = sourcecode.swift; path = FilterOptionsView.swift; sourceTree = "<group>"; };
/* End PBXFileReference section */

/* Begin PBXFrameworksBuildPhase section */
		EE023C7126AD98A3002EBF0C /* Frameworks */ = {
			isa = PBXFrameworksBuildPhase;
			buildActionMask = 2147483647;
			files = (
				EE7508EB28235020001D306B /* RecoilSwift in Frameworks */,
				EE7508E728234F1E001D306B /* ReactiveForm in Frameworks */,
			);
			runOnlyForDeploymentPostprocessing = 0;
		};
		EEE132742A04F94100D30527 /* Frameworks */ = {
			isa = PBXFrameworksBuildPhase;
			buildActionMask = 2147483647;
			files = (
				EEE132812A0503CA00D30527 /* RecoilSwiftXCTests in Frameworks */,
			);
			runOnlyForDeploymentPostprocessing = 0;
		};
/* End PBXFrameworksBuildPhase section */

/* Begin PBXGroup section */
		B770FC6427E06DEF00088B9F /* Models */ = {
			isa = PBXGroup;
			children = (
				B770FC6527E06DFF00088B9F /* CartItem.swift */,
			);
			path = Models;
			sourceTree = "<group>";
		};
		B770FC6927E06F2F00088B9F /* Components */ = {
			isa = PBXGroup;
			children = (
				EE92C69D2743C59400A003BF /* CartView.swift */,
				B770FC6727E06F2100088B9F /* CartContent.swift */,
			);
			path = Components;
			sourceTree = "<group>";
		};
		EE023C6B26AD98A3002EBF0C = {
			isa = PBXGroup;
			children = (
				EE023C7626AD98A3002EBF0C /* RecoilSwiftExample */,
				EED6FD5826AD996E0076F145 /* Packages */,
				EEE132782A04F94100D30527 /* RecoilSwiftExampleTests */,
				EE023C7526AD98A3002EBF0C /* Products */,
				EE7508E928235020001D306B /* Frameworks */,
			);
			sourceTree = "<group>";
		};
		EE023C7526AD98A3002EBF0C /* Products */ = {
			isa = PBXGroup;
			children = (
				EE023C7426AD98A3002EBF0C /* RecoilSwiftExample.app */,
				EEE132772A04F94100D30527 /* RecoilSwiftExampleTests.xctest */,
			);
			name = Products;
			sourceTree = "<group>";
		};
		EE023C7626AD98A3002EBF0C /* RecoilSwiftExample */ = {
			isa = PBXGroup;
			children = (
				EEBB992F2744D557007D2581 /* Common */,
				EEBB992A2744D557007D2581 /* AddBook */,
				EE27DB0E2A0FDB9700D9F217 /* BookStore */,
				EEBC589427DB4B7400987CD2 /* MoreUsage */,
				EE27DB0D2A0FDB5900D9F217 /* UIKitExample */,
				EE1D2E232A1A3658005BFA60 /* Snapshot */,
				EE023C7726AD98A3002EBF0C /* AppDelegate.swift */,
				EE321BE629DA5ADB00840FBF /* QuickDemoView.swift */,
				EE27DB122A0FE1CC00D9F217 /* AppEntryPage.swift */,
				EE023C7926AD98A3002EBF0C /* SceneDelegate.swift */,
				EE023C7D26AD98A6002EBF0C /* Assets.xcassets */,
				EE023C8226AD98A6002EBF0C /* LaunchScreen.storyboard */,
				EE023C8526AD98A6002EBF0C /* Info.plist */,
				EE023C7F26AD98A6002EBF0C /* Preview Content */,
			);
			path = RecoilSwiftExample;
			sourceTree = "<group>";
		};
		EE023C7F26AD98A6002EBF0C /* Preview Content */ = {
			isa = PBXGroup;
			children = (
				EE023C8026AD98A6002EBF0C /* Preview Assets.xcassets */,
			);
			path = "Preview Content";
			sourceTree = "<group>";
		};
		EE1D2E232A1A3658005BFA60 /* Snapshot */ = {
			isa = PBXGroup;
			children = (
				EE1D2E242A1A367F005BFA60 /* SnapshotTestView.swift */,
			);
			path = Snapshot;
			sourceTree = "<group>";
		};
		EE27DB0D2A0FDB5900D9F217 /* UIKitExample */ = {
			isa = PBXGroup;
			children = (
			);
			path = UIKitExample;
			sourceTree = "<group>";
		};
		EE27DB0E2A0FDB9700D9F217 /* BookStore */ = {
			isa = PBXGroup;
			children = (
				EEBB99262744D557007D2581 /* Home */,
				EE92C69C2743C59400A003BF /* Cart */,
				EEBB992D2744D557007D2581 /* BookList */,
			);
			path = BookStore;
			sourceTree = "<group>";
		};
		EE7508E928235020001D306B /* Frameworks */ = {
			isa = PBXGroup;
			children = (
			);
			name = Frameworks;
			sourceTree = "<group>";
		};
		EE92C69C2743C59400A003BF /* Cart */ = {
			isa = PBXGroup;
			children = (
				B770FC6927E06F2F00088B9F /* Components */,
				B770FC6427E06DEF00088B9F /* Models */,
				B770FC6227E06C2C00088B9F /* CartRecoil.swift */,
			);
			path = Cart;
			sourceTree = "<group>";
		};
		EE99DF8B27DEC156007BD272 /* Books */ = {
			isa = PBXGroup;
			children = (
				EE99DF8C27DEC156007BD272 /* AllBooksService.swift */,
				EE99DF8D27DEC156007BD272 /* AllBooksRecoil.swift */,
				EE99DF8E27DEC156007BD272 /* Models */,
			);
			path = Books;
			sourceTree = "<group>";
		};
		EE99DF8E27DEC156007BD272 /* Models */ = {
			isa = PBXGroup;
			children = (
				EE16AA8F29D17EC00014AA7B /* BookListRecoil.swift */,
				EE99DF8F27DEC156007BD272 /* Quarter.swift */,
				EE99DF9027DEC156007BD272 /* Book.swift */,
				EE99DF9127DEC156007BD272 /* Mocks.swift */,
			);
			path = Models;
			sourceTree = "<group>";
		};
		EE99DF9727DEC16C007BD272 /* Component */ = {
			isa = PBXGroup;
			children = (
				EEBB992E2744D557007D2581 /* AllBooksView.swift */,
				EE92C6982743C38200A003BF /* FilterInfoView.swift */,
				EE92C69A2743C3C000A003BF /* BooksContent.swift */,
				EEED4FA02822CEE60072D9AC /* FilterOptionsView.swift */,
			);
			path = Component;
			sourceTree = "<group>";
		};
		EE99DF9827DEC19D007BD272 /* Component */ = {
			isa = PBXGroup;
			children = (
				EEBC589527DB4B7400987CD2 /* MoreUsageView.swift */,
				EEBC589727DB4B7400987CD2 /* LoadableExampleView.swift */,
			);
			path = Component;
			sourceTree = "<group>";
		};
		EE99DF9927DEC1E2007BD272 /* Component */ = {
			isa = PBXGroup;
			children = (
				EEBB992B2744D557007D2581 /* AddBookView.swift */,
			);
			path = Component;
			sourceTree = "<group>";
		};
		EEBB99262744D557007D2581 /* Home */ = {
			isa = PBXGroup;
			children = (
				EEE848AA282ABA1B0021EB32 /* MainTabPage.swift */,
				EE99DF9A27DEC1E2007BD272 /* HomeRecoil.swift */,
			);
			path = Home;
			sourceTree = "<group>";
		};
		EEBB992A2744D557007D2581 /* AddBook */ = {
			isa = PBXGroup;
			children = (
				EE99DF9927DEC1E2007BD272 /* Component */,
			);
			path = AddBook;
			sourceTree = "<group>";
		};
		EEBB992D2744D557007D2581 /* BookList */ = {
			isa = PBXGroup;
			children = (
				EE99DF9727DEC16C007BD272 /* Component */,
				EEBB99342744D557007D2581 /* BookListRecoil.swift */,
			);
			path = BookList;
			sourceTree = "<group>";
		};
		EEBB992F2744D557007D2581 /* Common */ = {
			isa = PBXGroup;
			children = (
				EE99DF8B27DEC156007BD272 /* Books */,
			);
			path = Common;
			sourceTree = "<group>";
		};
		EEBC589427DB4B7400987CD2 /* MoreUsage */ = {
			isa = PBXGroup;
			children = (
				EE99DF9827DEC19D007BD272 /* Component */,
				EE99DF7C279B29BF007BD272 /* MoreUsageRecoil.swift */,
				EE99DF7E279B29E7007BD272 /* MoreUsageService.swift */,
			);
			path = MoreUsage;
			sourceTree = "<group>";
		};
		EED6FD5826AD996E0076F145 /* Packages */ = {
			isa = PBXGroup;
			children = (
				EE7508E828234F45001D306B /* RecoilSwift */,
			);
			name = Packages;
			sourceTree = "<group>";
		};
		EEE132782A04F94100D30527 /* RecoilSwiftExampleTests */ = {
			isa = PBXGroup;
			children = (
				EEE132792A04F94100D30527 /* RecoilSwiftExampleTests.swift */,
			);
			path = RecoilSwiftExampleTests;
			sourceTree = "<group>";
		};
/* End PBXGroup section */

/* Begin PBXNativeTarget section */
		EE023C7326AD98A3002EBF0C /* RecoilSwiftExample */ = {
			isa = PBXNativeTarget;
			buildConfigurationList = EE023C8826AD98A6002EBF0C /* Build configuration list for PBXNativeTarget "RecoilSwiftExample" */;
			buildPhases = (
				EE023C7026AD98A3002EBF0C /* Sources */,
				EE023C7126AD98A3002EBF0C /* Frameworks */,
				EE023C7226AD98A3002EBF0C /* Resources */,
			);
			buildRules = (
			);
			dependencies = (
			);
			name = RecoilSwiftExample;
			packageProductDependencies = (
				EE7508E628234F1E001D306B /* ReactiveForm */,
				EE7508EA28235020001D306B /* RecoilSwift */,
			);
			productName = RecoilSwiftExample;
			productReference = EE023C7426AD98A3002EBF0C /* RecoilSwiftExample.app */;
			productType = "com.apple.product-type.application";
		};
		EEE132762A04F94100D30527 /* RecoilSwiftExampleTests */ = {
			isa = PBXNativeTarget;
			buildConfigurationList = EEE1327F2A04F94100D30527 /* Build configuration list for PBXNativeTarget "RecoilSwiftExampleTests" */;
			buildPhases = (
				EEE132732A04F94100D30527 /* Sources */,
				EEE132742A04F94100D30527 /* Frameworks */,
				EEE132752A04F94100D30527 /* Resources */,
			);
			buildRules = (
			);
			dependencies = (
				EEE1327C2A04F94100D30527 /* PBXTargetDependency */,
			);
			name = RecoilSwiftExampleTests;
			packageProductDependencies = (
				EEE132802A0503CA00D30527 /* RecoilSwiftXCTests */,
			);
			productName = RecoilSwiftExampleTests;
			productReference = EEE132772A04F94100D30527 /* RecoilSwiftExampleTests.xctest */;
			productType = "com.apple.product-type.bundle.unit-test";
		};
/* End PBXNativeTarget section */

/* Begin PBXProject section */
		EE023C6C26AD98A3002EBF0C /* Project object */ = {
			isa = PBXProject;
			attributes = {
				LastSwiftUpdateCheck = 1430;
				LastUpgradeCheck = 1250;
				TargetAttributes = {
					EE023C7326AD98A3002EBF0C = {
						CreatedOnToolsVersion = 12.5.1;
					};
					EEE132762A04F94100D30527 = {
						CreatedOnToolsVersion = 14.3;
						TestTargetID = EE023C7326AD98A3002EBF0C;
					};
				};
			};
			buildConfigurationList = EE023C6F26AD98A3002EBF0C /* Build configuration list for PBXProject "RecoilSwiftExample" */;
			compatibilityVersion = "Xcode 9.3";
			developmentRegion = en;
			hasScannedForEncodings = 0;
			knownRegions = (
				en,
				Base,
			);
			mainGroup = EE023C6B26AD98A3002EBF0C;
			packageReferences = (
				EE7508E528234F1E001D306B /* XCRemoteSwiftPackageReference "ReactiveForm" */,
			);
			productRefGroup = EE023C7526AD98A3002EBF0C /* Products */;
			projectDirPath = "";
			projectRoot = "";
			targets = (
				EE023C7326AD98A3002EBF0C /* RecoilSwiftExample */,
				EEE132762A04F94100D30527 /* RecoilSwiftExampleTests */,
			);
		};
/* End PBXProject section */

/* Begin PBXResourcesBuildPhase section */
		EE023C7226AD98A3002EBF0C /* Resources */ = {
			isa = PBXResourcesBuildPhase;
			buildActionMask = 2147483647;
			files = (
				EE023C8426AD98A6002EBF0C /* LaunchScreen.storyboard in Resources */,
				EE023C8126AD98A6002EBF0C /* Preview Assets.xcassets in Resources */,
				EE023C7E26AD98A6002EBF0C /* Assets.xcassets in Resources */,
			);
			runOnlyForDeploymentPostprocessing = 0;
		};
		EEE132752A04F94100D30527 /* Resources */ = {
			isa = PBXResourcesBuildPhase;
			buildActionMask = 2147483647;
			files = (
			);
			runOnlyForDeploymentPostprocessing = 0;
		};
/* End PBXResourcesBuildPhase section */

/* Begin PBXSourcesBuildPhase section */
		EE023C7026AD98A3002EBF0C /* Sources */ = {
			isa = PBXSourcesBuildPhase;
			buildActionMask = 2147483647;
			files = (
				EE99DF9427DEC156007BD272 /* Quarter.swift in Sources */,
				EEBC589627DB4B7400987CD2 /* MoreUsageView.swift in Sources */,
				EE1D2E252A1A367F005BFA60 /* SnapshotTestView.swift in Sources */,
				EEE848AB282ABA1C0021EB32 /* MainTabPage.swift in Sources */,
				EEBC589827DB4B7400987CD2 /* LoadableExampleView.swift in Sources */,
				EEBB993D2744D557007D2581 /* AllBooksView.swift in Sources */,
				EE321BE729DA5ADB00840FBF /* QuickDemoView.swift in Sources */,
				EE99DF9B27DEC1E2007BD272 /* HomeRecoil.swift in Sources */,
				EE92C69B2743C3C000A003BF /* BooksContent.swift in Sources */,
				EE023C7826AD98A3002EBF0C /* AppDelegate.swift in Sources */,
				EEBB993B2744D557007D2581 /* AddBookView.swift in Sources */,
				EE99DF9227DEC156007BD272 /* AllBooksService.swift in Sources */,
				EE99DF9527DEC156007BD272 /* Book.swift in Sources */,
				EE99DF7D279B29BF007BD272 /* MoreUsageRecoil.swift in Sources */,
				EEBB99412744D557007D2581 /* BookListRecoil.swift in Sources */,
				B770FC6327E06C2C00088B9F /* CartRecoil.swift in Sources */,
				EE023C7A26AD98A3002EBF0C /* SceneDelegate.swift in Sources */,
				B770FC6827E06F2100088B9F /* CartContent.swift in Sources */,
				EE92C69E2743C59400A003BF /* CartView.swift in Sources */,
				EE99DF7F279B29E7007BD272 /* MoreUsageService.swift in Sources */,
				EE99DF9327DEC156007BD272 /* AllBooksRecoil.swift in Sources */,
				EE92C6992743C38200A003BF /* FilterInfoView.swift in Sources */,
				EE27DB132A0FE1CC00D9F217 /* AppEntryPage.swift in Sources */,
				EEED4FA12822CEE60072D9AC /* FilterOptionsView.swift in Sources */,
				EE99DF9627DEC156007BD272 /* Mocks.swift in Sources */,
				B770FC6627E06DFF00088B9F /* CartItem.swift in Sources */,
			);
			runOnlyForDeploymentPostprocessing = 0;
		};
		EEE132732A04F94100D30527 /* Sources */ = {
			isa = PBXSourcesBuildPhase;
			buildActionMask = 2147483647;
			files = (
				EEE1327A2A04F94100D30527 /* RecoilSwiftExampleTests.swift in Sources */,
			);
			runOnlyForDeploymentPostprocessing = 0;
		};
/* End PBXSourcesBuildPhase section */

/* Begin PBXTargetDependency section */
		EEE1327C2A04F94100D30527 /* PBXTargetDependency */ = {
			isa = PBXTargetDependency;
			target = EE023C7326AD98A3002EBF0C /* RecoilSwiftExample */;
			targetProxy = EEE1327B2A04F94100D30527 /* PBXContainerItemProxy */;
		};
/* End PBXTargetDependency section */

/* Begin PBXVariantGroup section */
		EE023C8226AD98A6002EBF0C /* LaunchScreen.storyboard */ = {
			isa = PBXVariantGroup;
			children = (
				EE023C8326AD98A6002EBF0C /* Base */,
			);
			name = LaunchScreen.storyboard;
			sourceTree = "<group>";
		};
/* End PBXVariantGroup section */

/* Begin XCBuildConfiguration section */
		EE023C8626AD98A6002EBF0C /* Debug */ = {
			isa = XCBuildConfiguration;
			buildSettings = {
				ALWAYS_SEARCH_USER_PATHS = NO;
				CLANG_ANALYZER_NONNULL = YES;
				CLANG_ANALYZER_NUMBER_OBJECT_CONVERSION = YES_AGGRESSIVE;
				CLANG_CXX_LANGUAGE_STANDARD = "gnu++14";
				CLANG_CXX_LIBRARY = "libc++";
				CLANG_ENABLE_MODULES = YES;
				CLANG_ENABLE_OBJC_ARC = YES;
				CLANG_ENABLE_OBJC_WEAK = YES;
				CLANG_WARN_BLOCK_CAPTURE_AUTORELEASING = YES;
				CLANG_WARN_BOOL_CONVERSION = YES;
				CLANG_WARN_COMMA = YES;
				CLANG_WARN_CONSTANT_CONVERSION = YES;
				CLANG_WARN_DEPRECATED_OBJC_IMPLEMENTATIONS = YES;
				CLANG_WARN_DIRECT_OBJC_ISA_USAGE = YES_ERROR;
				CLANG_WARN_DOCUMENTATION_COMMENTS = YES;
				CLANG_WARN_EMPTY_BODY = YES;
				CLANG_WARN_ENUM_CONVERSION = YES;
				CLANG_WARN_INFINITE_RECURSION = YES;
				CLANG_WARN_INT_CONVERSION = YES;
				CLANG_WARN_NON_LITERAL_NULL_CONVERSION = YES;
				CLANG_WARN_OBJC_IMPLICIT_RETAIN_SELF = YES;
				CLANG_WARN_OBJC_LITERAL_CONVERSION = YES;
				CLANG_WARN_OBJC_ROOT_CLASS = YES_ERROR;
				CLANG_WARN_QUOTED_INCLUDE_IN_FRAMEWORK_HEADER = YES;
				CLANG_WARN_RANGE_LOOP_ANALYSIS = YES;
				CLANG_WARN_STRICT_PROTOTYPES = YES;
				CLANG_WARN_SUSPICIOUS_MOVE = YES;
				CLANG_WARN_UNGUARDED_AVAILABILITY = YES_AGGRESSIVE;
				CLANG_WARN_UNREACHABLE_CODE = YES;
				CLANG_WARN__DUPLICATE_METHOD_MATCH = YES;
				COPY_PHASE_STRIP = NO;
				DEBUG_INFORMATION_FORMAT = dwarf;
				ENABLE_STRICT_OBJC_MSGSEND = YES;
				ENABLE_TESTABILITY = YES;
				GCC_C_LANGUAGE_STANDARD = gnu11;
				GCC_DYNAMIC_NO_PIC = NO;
				GCC_NO_COMMON_BLOCKS = YES;
				GCC_OPTIMIZATION_LEVEL = 0;
				GCC_PREPROCESSOR_DEFINITIONS = (
					"DEBUG=1",
					"$(inherited)",
				);
				GCC_WARN_64_TO_32_BIT_CONVERSION = YES;
				GCC_WARN_ABOUT_RETURN_TYPE = YES_ERROR;
				GCC_WARN_UNDECLARED_SELECTOR = YES;
				GCC_WARN_UNINITIALIZED_AUTOS = YES_AGGRESSIVE;
				GCC_WARN_UNUSED_FUNCTION = YES;
				GCC_WARN_UNUSED_VARIABLE = YES;
				IPHONEOS_DEPLOYMENT_TARGET = 15.2;
				MTL_ENABLE_DEBUG_INFO = INCLUDE_SOURCE;
				MTL_FAST_MATH = YES;
				ONLY_ACTIVE_ARCH = YES;
				SDKROOT = iphoneos;
				SWIFT_ACTIVE_COMPILATION_CONDITIONS = DEBUG;
				SWIFT_OPTIMIZATION_LEVEL = "-Onone";
			};
			name = Debug;
		};
		EE023C8726AD98A6002EBF0C /* Release */ = {
			isa = XCBuildConfiguration;
			buildSettings = {
				ALWAYS_SEARCH_USER_PATHS = NO;
				CLANG_ANALYZER_NONNULL = YES;
				CLANG_ANALYZER_NUMBER_OBJECT_CONVERSION = YES_AGGRESSIVE;
				CLANG_CXX_LANGUAGE_STANDARD = "gnu++14";
				CLANG_CXX_LIBRARY = "libc++";
				CLANG_ENABLE_MODULES = YES;
				CLANG_ENABLE_OBJC_ARC = YES;
				CLANG_ENABLE_OBJC_WEAK = YES;
				CLANG_WARN_BLOCK_CAPTURE_AUTORELEASING = YES;
				CLANG_WARN_BOOL_CONVERSION = YES;
				CLANG_WARN_COMMA = YES;
				CLANG_WARN_CONSTANT_CONVERSION = YES;
				CLANG_WARN_DEPRECATED_OBJC_IMPLEMENTATIONS = YES;
				CLANG_WARN_DIRECT_OBJC_ISA_USAGE = YES_ERROR;
				CLANG_WARN_DOCUMENTATION_COMMENTS = YES;
				CLANG_WARN_EMPTY_BODY = YES;
				CLANG_WARN_ENUM_CONVERSION = YES;
				CLANG_WARN_INFINITE_RECURSION = YES;
				CLANG_WARN_INT_CONVERSION = YES;
				CLANG_WARN_NON_LITERAL_NULL_CONVERSION = YES;
				CLANG_WARN_OBJC_IMPLICIT_RETAIN_SELF = YES;
				CLANG_WARN_OBJC_LITERAL_CONVERSION = YES;
				CLANG_WARN_OBJC_ROOT_CLASS = YES_ERROR;
				CLANG_WARN_QUOTED_INCLUDE_IN_FRAMEWORK_HEADER = YES;
				CLANG_WARN_RANGE_LOOP_ANALYSIS = YES;
				CLANG_WARN_STRICT_PROTOTYPES = YES;
				CLANG_WARN_SUSPICIOUS_MOVE = YES;
				CLANG_WARN_UNGUARDED_AVAILABILITY = YES_AGGRESSIVE;
				CLANG_WARN_UNREACHABLE_CODE = YES;
				CLANG_WARN__DUPLICATE_METHOD_MATCH = YES;
				COPY_PHASE_STRIP = NO;
				DEBUG_INFORMATION_FORMAT = "dwarf-with-dsym";
				ENABLE_NS_ASSERTIONS = NO;
				ENABLE_STRICT_OBJC_MSGSEND = YES;
				GCC_C_LANGUAGE_STANDARD = gnu11;
				GCC_NO_COMMON_BLOCKS = YES;
				GCC_WARN_64_TO_32_BIT_CONVERSION = YES;
				GCC_WARN_ABOUT_RETURN_TYPE = YES_ERROR;
				GCC_WARN_UNDECLARED_SELECTOR = YES;
				GCC_WARN_UNINITIALIZED_AUTOS = YES_AGGRESSIVE;
				GCC_WARN_UNUSED_FUNCTION = YES;
				GCC_WARN_UNUSED_VARIABLE = YES;
				IPHONEOS_DEPLOYMENT_TARGET = 15.2;
				MTL_ENABLE_DEBUG_INFO = NO;
				MTL_FAST_MATH = YES;
				SDKROOT = iphoneos;
				SWIFT_COMPILATION_MODE = wholemodule;
				SWIFT_OPTIMIZATION_LEVEL = "-O";
				VALIDATE_PRODUCT = YES;
			};
			name = Release;
		};
		EE023C8926AD98A6002EBF0C /* Debug */ = {
			isa = XCBuildConfiguration;
			buildSettings = {
				ASSETCATALOG_COMPILER_APPICON_NAME = AppIcon;
				ASSETCATALOG_COMPILER_GLOBAL_ACCENT_COLOR_NAME = AccentColor;
				CODE_SIGN_STYLE = Automatic;
				DEVELOPMENT_ASSET_PATHS = "\"RecoilSwiftExample/Preview Content\"";
				ENABLE_PREVIEWS = YES;
				INFOPLIST_FILE = RecoilSwiftExample/Info.plist;
				IPHONEOS_DEPLOYMENT_TARGET = 16.1;
				LD_RUNPATH_SEARCH_PATHS = (
					"$(inherited)",
					"@executable_path/Frameworks",
				);
				PRODUCT_BUNDLE_IDENTIFIER = com.recoil.swift.RecoilSwiftExample;
				PRODUCT_NAME = "$(TARGET_NAME)";
				SWIFT_VERSION = 5.0;
				TARGETED_DEVICE_FAMILY = "1,2";
			};
			name = Debug;
		};
		EE023C8A26AD98A6002EBF0C /* Release */ = {
			isa = XCBuildConfiguration;
			buildSettings = {
				ASSETCATALOG_COMPILER_APPICON_NAME = AppIcon;
				ASSETCATALOG_COMPILER_GLOBAL_ACCENT_COLOR_NAME = AccentColor;
				CODE_SIGN_STYLE = Automatic;
				DEVELOPMENT_ASSET_PATHS = "\"RecoilSwiftExample/Preview Content\"";
				ENABLE_PREVIEWS = YES;
				INFOPLIST_FILE = RecoilSwiftExample/Info.plist;
				IPHONEOS_DEPLOYMENT_TARGET = 16.1;
				LD_RUNPATH_SEARCH_PATHS = (
					"$(inherited)",
					"@executable_path/Frameworks",
				);
				PRODUCT_BUNDLE_IDENTIFIER = com.recoil.swift.RecoilSwiftExample;
				PRODUCT_NAME = "$(TARGET_NAME)";
				SWIFT_VERSION = 5.0;
				TARGETED_DEVICE_FAMILY = "1,2";
			};
			name = Release;
		};
		EEE1327D2A04F94100D30527 /* Debug */ = {
			isa = XCBuildConfiguration;
			buildSettings = {
				BUNDLE_LOADER = "$(TEST_HOST)";
				CLANG_CXX_LANGUAGE_STANDARD = "gnu++20";
				CODE_SIGN_STYLE = Automatic;
				CURRENT_PROJECT_VERSION = 1;
				GENERATE_INFOPLIST_FILE = YES;
				IPHONEOS_DEPLOYMENT_TARGET = 16.4;
				MARKETING_VERSION = 1.0;
				PRODUCT_BUNDLE_IDENTIFIER = com.holly.RecoilSwiftExampleTests;
				PRODUCT_NAME = "$(TARGET_NAME)";
				SWIFT_EMIT_LOC_STRINGS = NO;
				SWIFT_VERSION = 5.0;
				TARGETED_DEVICE_FAMILY = "1,2";
				TEST_HOST = "$(BUILT_PRODUCTS_DIR)/RecoilSwiftExample.app/$(BUNDLE_EXECUTABLE_FOLDER_PATH)/RecoilSwiftExample";
			};
			name = Debug;
		};
		EEE1327E2A04F94100D30527 /* Release */ = {
			isa = XCBuildConfiguration;
			buildSettings = {
				BUNDLE_LOADER = "$(TEST_HOST)";
				CLANG_CXX_LANGUAGE_STANDARD = "gnu++20";
				CODE_SIGN_STYLE = Automatic;
				CURRENT_PROJECT_VERSION = 1;
				GENERATE_INFOPLIST_FILE = YES;
				IPHONEOS_DEPLOYMENT_TARGET = 16.4;
				MARKETING_VERSION = 1.0;
				PRODUCT_BUNDLE_IDENTIFIER = com.holly.RecoilSwiftExampleTests;
				PRODUCT_NAME = "$(TARGET_NAME)";
				SWIFT_EMIT_LOC_STRINGS = NO;
				SWIFT_VERSION = 5.0;
				TARGETED_DEVICE_FAMILY = "1,2";
				TEST_HOST = "$(BUILT_PRODUCTS_DIR)/RecoilSwiftExample.app/$(BUNDLE_EXECUTABLE_FOLDER_PATH)/RecoilSwiftExample";
			};
			name = Release;
		};
/* End XCBuildConfiguration section */

/* Begin XCConfigurationList section */
		EE023C6F26AD98A3002EBF0C /* Build configuration list for PBXProject "RecoilSwiftExample" */ = {
			isa = XCConfigurationList;
			buildConfigurations = (
				EE023C8626AD98A6002EBF0C /* Debug */,
				EE023C8726AD98A6002EBF0C /* Release */,
			);
			defaultConfigurationIsVisible = 0;
			defaultConfigurationName = Release;
		};
		EE023C8826AD98A6002EBF0C /* Build configuration list for PBXNativeTarget "RecoilSwiftExample" */ = {
			isa = XCConfigurationList;
			buildConfigurations = (
				EE023C8926AD98A6002EBF0C /* Debug */,
				EE023C8A26AD98A6002EBF0C /* Release */,
			);
			defaultConfigurationIsVisible = 0;
			defaultConfigurationName = Release;
		};
		EEE1327F2A04F94100D30527 /* Build configuration list for PBXNativeTarget "RecoilSwiftExampleTests" */ = {
			isa = XCConfigurationList;
			buildConfigurations = (
				EEE1327D2A04F94100D30527 /* Debug */,
				EEE1327E2A04F94100D30527 /* Release */,
			);
			defaultConfigurationIsVisible = 0;
			defaultConfigurationName = Release;
		};
/* End XCConfigurationList section */

/* Begin XCRemoteSwiftPackageReference section */
		EE7508E528234F1E001D306B /* XCRemoteSwiftPackageReference "ReactiveForm" */ = {
			isa = XCRemoteSwiftPackageReference;
			repositoryURL = "https://github.com/hollyoops/ReactiveForm";
			requirement = {
				kind = upToNextMajorVersion;
				minimumVersion = 0.2.0;
			};
		};
/* End XCRemoteSwiftPackageReference section */

/* Begin XCSwiftPackageProductDependency section */
		EE7508E628234F1E001D306B /* ReactiveForm */ = {
			isa = XCSwiftPackageProductDependency;
			package = EE7508E528234F1E001D306B /* XCRemoteSwiftPackageReference "ReactiveForm" */;
			productName = ReactiveForm;
		};
		EE7508EA28235020001D306B /* RecoilSwift */ = {
			isa = XCSwiftPackageProductDependency;
			productName = RecoilSwift;
		};
		EEE132802A0503CA00D30527 /* RecoilSwiftXCTests */ = {
			isa = XCSwiftPackageProductDependency;
			productName = RecoilSwiftXCTests;
		};
/* End XCSwiftPackageProductDependency section */
	};
	rootObject = EE023C6C26AD98A3002EBF0C /* Project object */;
}
