{
  "pins" : [
    {
      "identity" : "reactiveform",
      "kind" : "remoteSourceControl",
      "location" : "https://github.com/hollyoops/ReactiveForm",
      "state" : {
        "revision" : "d7d7f405d878e421e6c0fe14f89c803a31422c5e",
        "version" : "0.2.0"
      }
    },
    {
      "identity" : "swiftui-hooks",
      "kind" : "remoteSourceControl",
      "location" : "https://github.com/hollyoops/SwiftUI-Hooks",
      "state" : {
        "revision" : "052c358884b31e46e3a1268de5d00fddb2beaf45",
        "version" : "0.0.4"
      }
    }
  ],
  "version" : 2
}
